
Microsoft Visual Studio Solution File, Format Version 12.00
# Visual Studio Version 17
VisualStudioVersion = 17.10.35013.160
MinimumVisualStudioVersion = 10.0.40219.1
Project("{2150E333-8FDC-42A3-9474-1A3956D46DE8}") = "Services", "Services", "{07E83B42-5F24-47DE-A6D1-8CC4D1F27FFA}"
EndProject
Project("{2150E333-8FDC-42A3-9474-1A3956D46DE8}") = "Catalog", "Catalog", "{ECC0C303-3A56-46C7-B650-6A05D3AE82AA}"
EndProject
Project("{9A19103F-16F7-4668-BE54-9A1E7A4F7556}") = "Catalog.API", "Services\Catalog\Catalog.API\Catalog.API.csproj", "{0240901A-0073-42A0-8CBF-D7D55060AD4B}"
EndProject
Project("{2150E333-8FDC-42A3-9474-1A3956D46DE8}") = "BuildingBlocks", "BuildingBlocks", "{C0F5EC56-2F1A-49D4-92AC-52BC886E8306}"
EndProject
Project("{9A19103F-16F7-4668-BE54-9A1E7A4F7556}") = "BuildingBlocks", "BuildingBlocks\BuildingBlocks\BuildingBlocks.csproj", "{BBC3E78B-F4B7-414D-9480-ABEBF517D900}"
EndProject
Project("{E53339B2-1760-4266-BCC7-CA923CBCF16C}") = "docker-compose", "docker-compose.dcproj", "{2546BCA0-5C36-40FD-9038-2CD84D439C89}"
EndProject
Project("{2150E333-8FDC-42A3-9474-1A3956D46DE8}") = "Basket", "Basket", "{578AB900-A828-4B5F-A9C6-D6F870940D99}"
EndProject
Project("{9A19103F-16F7-4668-BE54-9A1E7A4F7556}") = "Basket.API", "Services\Basket\Basket.API\Basket.API.csproj", "{F4D33B2F-AB30-4925-9538-756AEA73D613}"
EndProject
Project("{2150E333-8FDC-42A3-9474-1A3956D46DE8}") = "Discount", "Discount", "{C24E6257-F4C4-4B34-BCC1-81E0BB935693}"
EndProject
Project("{9A19103F-16F7-4668-BE54-9A1E7A4F7556}") = "Discount.Grpc", "Services\Discount\Discount.Grpc\Discount.Grpc.csproj", "{88E07DE2-9646-400F-921A-E3FE0B36DBE0}"
EndProject
Project("{2150E333-8FDC-42A3-9474-1A3956D46DE8}") = "Ordering", "Ordering", "{49375B06-7751-4565-A124-8E7F222ABAA5}"
EndProject
Project("{9A19103F-16F7-4668-BE54-9A1E7A4F7556}") = "Ordering.API", "Services\Ordering\Ordering.API\Ordering.API.csproj", "{A11BD244-52F6-42FE-B1BD-C5AF938136F7}"
EndProject
Project("{9A19103F-16F7-4668-BE54-9A1E7A4F7556}") = "Ordering.Domain", "Services\Ordering\Ordering.Domain\Ordering.Domain.csproj", "{20F83E03-DC9C-4DFF-8386-4494E93038EB}"
EndProject
Project("{9A19103F-16F7-4668-BE54-9A1E7A4F7556}") = "Ordering.Application", "Services\Ordering\Ordering.Application\Ordering.Application.csproj", "{619E9153-0A7B-48D4-A378-E6D59DDC6C84}"
EndProject
Project("{9A19103F-16F7-4668-BE54-9A1E7A4F7556}") = "Ordering.Infrastructure", "Services\Ordering\Ordering.Infrastructure\Ordering.Infrastructure.csproj", "{9C38BF1A-A4DD-4546-BC38-57B803991619}"
EndProject
Project("{FAE04EC0-301F-11D3-BF4B-00C04F79EFBC}") = "BuildingBlocks.Messaging", "BuildingBlocks\BuildingBlocks.Messaging\BuildingBlocks.Messaging.csproj", "{4EDFC003-3D0E-486A-A590-73A1497A9603}"
EndProject
Global
	GlobalSection(SolutionConfigurationPlatforms) = preSolution
		Debug|Any CPU = Debug|Any CPU
		Release|Any CPU = Release|Any CPU
	EndGlobalSection
	GlobalSection(ProjectConfigurationPlatforms) = postSolution
		{0240901A-0073-42A0-8CBF-D7D55060AD4B}.Debug|Any CPU.ActiveCfg = Debug|Any CPU
		{0240901A-0073-42A0-8CBF-D7D55060AD4B}.Debug|Any CPU.Build.0 = Debug|Any CPU
		{0240901A-0073-42A0-8CBF-D7D55060AD4B}.Release|Any CPU.ActiveCfg = Release|Any CPU
		{0240901A-0073-42A0-8CBF-D7D55060AD4B}.Release|Any CPU.Build.0 = Release|Any CPU
		{BBC3E78B-F4B7-414D-9480-ABEBF517D900}.Debug|Any CPU.ActiveCfg = Debug|Any CPU
		{BBC3E78B-F4B7-414D-9480-ABEBF517D900}.Debug|Any CPU.Build.0 = Debug|Any CPU
		{BBC3E78B-F4B7-414D-9480-ABEBF517D900}.Release|Any CPU.ActiveCfg = Release|Any CPU
		{BBC3E78B-F4B7-414D-9480-ABEBF517D900}.Release|Any CPU.Build.0 = Release|Any CPU
		{2546BCA0-5C36-40FD-9038-2CD84D439C89}.Debug|Any CPU.ActiveCfg = Debug|Any CPU
		{2546BCA0-5C36-40FD-9038-2CD84D439C89}.Debug|Any CPU.Build.0 = Debug|Any CPU
		{2546BCA0-5C36-40FD-9038-2CD84D439C89}.Release|Any CPU.ActiveCfg = Release|Any CPU
		{2546BCA0-5C36-40FD-9038-2CD84D439C89}.Release|Any CPU.Build.0 = Release|Any CPU
		{F4D33B2F-AB30-4925-9538-756AEA73D613}.Debug|Any CPU.ActiveCfg = Debug|Any CPU
		{F4D33B2F-AB30-4925-9538-756AEA73D613}.Debug|Any CPU.Build.0 = Debug|Any CPU
		{F4D33B2F-AB30-4925-9538-756AEA73D613}.Release|Any CPU.ActiveCfg = Release|Any CPU
		{F4D33B2F-AB30-4925-9538-756AEA73D613}.Release|Any CPU.Build.0 = Release|Any CPU
		{88E07DE2-9646-400F-921A-E3FE0B36DBE0}.Debug|Any CPU.ActiveCfg = Debug|Any CPU
		{88E07DE2-9646-400F-921A-E3FE0B36DBE0}.Debug|Any CPU.Build.0 = Debug|Any CPU
		{88E07DE2-9646-400F-921A-E3FE0B36DBE0}.Release|Any CPU.ActiveCfg = Release|Any CPU
		{88E07DE2-9646-400F-921A-E3FE0B36DBE0}.Release|Any CPU.Build.0 = Release|Any CPU
		{A11BD244-52F6-42FE-B1BD-C5AF938136F7}.Debug|Any CPU.ActiveCfg = Debug|Any CPU
		{A11BD244-52F6-42FE-B1BD-C5AF938136F7}.Debug|Any CPU.Build.0 = Debug|Any CPU
		{A11BD244-52F6-42FE-B1BD-C5AF938136F7}.Release|Any CPU.ActiveCfg = Release|Any CPU
		{A11BD244-52F6-42FE-B1BD-C5AF938136F7}.Release|Any CPU.Build.0 = Release|Any CPU
		{20F83E03-DC9C-4DFF-8386-4494E93038EB}.Debug|Any CPU.ActiveCfg = Debug|Any CPU
		{20F83E03-DC9C-4DFF-8386-4494E93038EB}.Debug|Any CPU.Build.0 = Debug|Any CPU
		{20F83E03-DC9C-4DFF-8386-4494E93038EB}.Release|Any CPU.ActiveCfg = Release|Any CPU
		{20F83E03-DC9C-4DFF-8386-4494E93038EB}.Release|Any CPU.Build.0 = Release|Any CPU
		{619E9153-0A7B-48D4-A378-E6D59DDC6C84}.Debug|Any CPU.ActiveCfg = Debug|Any CPU
		{619E9153-0A7B-48D4-A378-E6D59DDC6C84}.Debug|Any CPU.Build.0 = Debug|Any CPU
		{619E9153-0A7B-48D4-A378-E6D59DDC6C84}.Release|Any CPU.ActiveCfg = Release|Any CPU
		{619E9153-0A7B-48D4-A378-E6D59DDC6C84}.Release|Any CPU.Build.0 = Release|Any CPU
		{9C38BF1A-A4DD-4546-BC38-57B803991619}.Debug|Any CPU.ActiveCfg = Debug|Any CPU
		{9C38BF1A-A4DD-4546-BC38-57B803991619}.Debug|Any CPU.Build.0 = Debug|Any CPU
		{9C38BF1A-A4DD-4546-BC38-57B803991619}.Release|Any CPU.ActiveCfg = Release|Any CPU
		{9C38BF1A-A4DD-4546-BC38-57B803991619}.Release|Any CPU.Build.0 = Release|Any CPU
		{4EDFC003-3D0E-486A-A590-73A1497A9603}.Debug|Any CPU.ActiveCfg = Debug|Any CPU
		{4EDFC003-3D0E-486A-A590-73A1497A9603}.Debug|Any CPU.Build.0 = Debug|Any CPU
		{4EDFC003-3D0E-486A-A590-73A1497A9603}.Release|Any CPU.ActiveCfg = Release|Any CPU
		{4EDFC003-3D0E-486A-A590-73A1497A9603}.Release|Any CPU.Build.0 = Release|Any CPU
	EndGlobalSection
	GlobalSection(SolutionProperties) = preSolution
		HideSolutionNode = FALSE
	EndGlobalSection
	GlobalSection(NestedProjects) = preSolution
		{ECC0C303-3A56-46C7-B650-6A05D3AE82AA} = {07E83B42-5F24-47DE-A6D1-8CC4D1F27FFA}
		{0240901A-0073-42A0-8CBF-D7D55060AD4B} = {ECC0C303-3A56-46C7-B650-6A05D3AE82AA}
		{BBC3E78B-F4B7-414D-9480-ABEBF517D900} = {C0F5EC56-2F1A-49D4-92AC-52BC886E8306}
		{578AB900-A828-4B5F-A9C6-D6F870940D99} = {07E83B42-5F24-47DE-A6D1-8CC4D1F27FFA}
		{F4D33B2F-AB30-4925-9538-756AEA73D613} = {578AB900-A828-4B5F-A9C6-D6F870940D99}
		{C24E6257-F4C4-4B34-BCC1-81E0BB935693} = {07E83B42-5F24-47DE-A6D1-8CC4D1F27FFA}
		{88E07DE2-9646-400F-921A-E3FE0B36DBE0} = {C24E6257-F4C4-4B34-BCC1-81E0BB935693}
		{49375B06-7751-4565-A124-8E7F222ABAA5} = {07E83B42-5F24-47DE-A6D1-8CC4D1F27FFA}
		{A11BD244-52F6-42FE-B1BD-C5AF938136F7} = {49375B06-7751-4565-A124-8E7F222ABAA5}
		{20F83E03-DC9C-4DFF-8386-4494E93038EB} = {49375B06-7751-4565-A124-8E7F222ABAA5}
		{619E9153-0A7B-48D4-A378-E6D59DDC6C84} = {49375B06-7751-4565-A124-8E7F222ABAA5}
		{9C38BF1A-A4DD-4546-BC38-57B803991619} = {49375B06-7751-4565-A124-8E7F222ABAA5}
		{4EDFC003-3D0E-486A-A590-73A1497A9603} = {C0F5EC56-2F1A-49D4-92AC-52BC886E8306}
	EndGlobalSection
	GlobalSection(ExtensibilityGlobals) = postSolution
		SolutionGuid = {52976F6F-74B6-4808-8EBA-5B5CBF2F4F3E}
	EndGlobalSection
EndGlobal
